
Microsoft Visual Studio Solution File, Format Version 12.00
# Visual Studio Version 16
VisualStudioVersion = 16.0.28803.156
MinimumVisualStudioVersion = 10.0.40219.1
Project("{FAE04EC0-301F-11D3-BF4B-00C04F79EFBC}") = "Hangfire.Prometheus", "Hangfire.Prometheus\Hangfire.Prometheus.csproj", "{9ED8D5B4-5022-4DB4-845B-3065C017165F}"
EndProject
Global
	GlobalSection(SolutionConfigurationPlatforms) = preSolution
		Debug|Any CPU = Debug|Any CPU
		Release|Any CPU = Release|Any CPU
	EndGlobalSection
	GlobalSection(ProjectConfigurationPlatforms) = postSolution
		{9ED8D5B4-5022-4DB4-845B-3065C017165F}.Debug|Any CPU.ActiveCfg = Debug|Any CPU
		{9ED8D5B4-5022-4DB4-845B-3065C017165F}.Debug|Any CPU.Build.0 = Debug|Any CPU
		{9ED8D5B4-5022-4DB4-845B-3065C017165F}.Release|Any CPU.ActiveCfg = Release|Any CPU
		{9ED8D5B4-5022-4DB4-845B-3065C017165F}.Release|Any CPU.Build.0 = Release|Any CPU
	EndGlobalSection
	GlobalSection(SolutionProperties) = preSolution
		HideSolutionNode = FALSE
	EndGlobalSection
	GlobalSection(ExtensibilityGlobals) = postSolution
		SolutionGuid = {D7B25A79-9A17-404F-8A07-E274B0DB7265}
	EndGlobalSection
EndGlobal
